
Microsoft Visual Studio Solution File, Format Version 12.00
# Visual Studio Version 17
VisualStudioVersion = 17.4.33122.133
MinimumVisualStudioVersion = 10.0.40219.1
Project("{FAE04EC0-301F-11D3-BF4B-00C04F79EFBC}") = "theSaturn", "theSaturn\theSaturn.csproj", "{3B3599F6-12F2-48CF-8697-9FFD07E82681}"
EndProject
Global
	GlobalSection(SolutionConfigurationPlatforms) = preSolution
		Debug|Any CPU = Debug|Any CPU
		Release|Any CPU = Release|Any CPU
	EndGlobalSection
	GlobalSection(ProjectConfigurationPlatforms) = postSolution
		{3B3599F6-12F2-48CF-8697-9FFD07E82681}.Debug|Any CPU.ActiveCfg = Debug|Any CPU
		{3B3599F6-12F2-48CF-8697-9FFD07E82681}.Debug|Any CPU.Build.0 = Debug|Any CPU
		{3B3599F6-12F2-48CF-8697-9FFD07E82681}.Release|Any CPU.ActiveCfg = Release|Any CPU
		{3B3599F6-12F2-48CF-8697-9FFD07E82681}.Release|Any CPU.Build.0 = Release|Any CPU
	EndGlobalSection
	GlobalSection(SolutionProperties) = preSolution
		HideSolutionNode = FALSE
	EndGlobalSection
	GlobalSection(ExtensibilityGlobals) = postSolution
		SolutionGuid = {4CF604BD-ED62-4E90-A206-CC3146EDF9E2}
	EndGlobalSection
EndGlobal
